{
    "_meta": {
        "hash": {
            "sha256": "23a7c08488f26af3b89ca874a44073ffb766c07c07fc7ae0004aed6e0890985e"
        },
        "pipfile-spec": 6,
        "requires": {
            "python_version": "3.9"
        },
        "sources": [
            {
                "name": "pypi",
                "url": "https://pypi.org/simple",
                "verify_ssl": true
            }
        ]
    },
    "default": {
        "cssselect2": {
            "hashes": [
                "sha256:8d4690bce5f25013262997e64cef3e7bade877d3ef126f9cc624e5b1f294d934",
                "sha256:d98a7bbdd8ebc46093279195d669a3359bd5a23f90c19e82c19d9eeef333e617"
            ],
            "markers": "python_version >= '3.7'",
            "version": "==0.5.0"
        },
        "lxml": {
            "hashes": [
                "sha256:078306d19a33920004addeb5f4630781aaeabb6a8d01398045fcde085091a169",
                "sha256:0c1978ff1fd81ed9dcbba4f91cf09faf1f8082c9d72eb122e92294716c605428",
                "sha256:1010042bfcac2b2dc6098260a2ed022968dbdfaf285fc65a3acf8e4eb1ffd1bc",
                "sha256:1d650812b52d98679ed6c6b3b55cbb8fe5a5460a0aef29aeb08dc0b44577df85",
                "sha256:20b8a746a026017acf07da39fdb10aa80ad9877046c9182442bf80c84a1c4696",
                "sha256:2403a6d6fb61c285969b71f4a3527873fe93fd0abe0832d858a17fe68c8fa507",
                "sha256:24f5c5ae618395ed871b3d8ebfcbb36e3f1091fd847bf54c4de623f9107942f3",
                "sha256:28d1af847786f68bec57961f31221125c29d6f52d9187c01cd34dc14e2b29430",
                "sha256:31499847fc5f73ee17dbe1b8e24c6dafc4e8d5b48803d17d22988976b0171f03",
                "sha256:31ba2cbc64516dcdd6c24418daa7abff989ddf3ba6d3ea6f6ce6f2ed6e754ec9",
                "sha256:330bff92c26d4aee79c5bc4d9967858bdbe73fdbdbacb5daf623a03a914fe05b",
                "sha256:5045ee1ccd45a89c4daec1160217d363fcd23811e26734688007c26f28c9e9e7",
                "sha256:52cbf2ff155b19dc4d4100f7442f6a697938bf4493f8d3b0c51d45568d5666b5",
                "sha256:530f278849031b0eb12f46cca0e5db01cfe5177ab13bd6878c6e739319bae654",
                "sha256:545bd39c9481f2e3f2727c78c169425efbfb3fbba6e7db4f46a80ebb249819ca",
                "sha256:5804e04feb4e61babf3911c2a974a5b86f66ee227cc5006230b00ac6d285b3a9",
                "sha256:5a58d0b12f5053e270510bf12f753a76aaf3d74c453c00942ed7d2c804ca845c",
                "sha256:5f148b0c6133fb928503cfcdfdba395010f997aa44bcf6474fcdd0c5398d9b63",
                "sha256:5f7d7d9afc7b293147e2d506a4596641d60181a35279ef3aa5778d0d9d9123fe",
                "sha256:60d2f60bd5a2a979df28ab309352cdcf8181bda0cca4529769a945f09aba06f9",
                "sha256:6259b511b0f2527e6d55ad87acc1c07b3cbffc3d5e050d7e7bcfa151b8202df9",
                "sha256:6268e27873a3d191849204d00d03f65c0e343b3bcb518a6eaae05677c95621d1",
                "sha256:627e79894770783c129cc5e89b947e52aa26e8e0557c7e205368a809da4b7939",
                "sha256:62f93eac69ec0f4be98d1b96f4d6b964855b8255c345c17ff12c20b93f247b68",
                "sha256:6d6483b1229470e1d8835e52e0ff3c6973b9b97b24cd1c116dca90b57a2cc613",
                "sha256:6f7b82934c08e28a2d537d870293236b1000d94d0b4583825ab9649aef7ddf63",
                "sha256:6fe4ef4402df0250b75ba876c3795510d782def5c1e63890bde02d622570d39e",
                "sha256:719544565c2937c21a6f76d520e6e52b726d132815adb3447ccffbe9f44203c4",
                "sha256:730766072fd5dcb219dd2b95c4c49752a54f00157f322bc6d71f7d2a31fecd79",
                "sha256:74eb65ec61e3c7c019d7169387d1b6ffcfea1b9ec5894d116a9a903636e4a0b1",
                "sha256:7993232bd4044392c47779a3c7e8889fea6883be46281d45a81451acfd704d7e",
                "sha256:80bbaddf2baab7e6de4bc47405e34948e694a9efe0861c61cdc23aa774fcb141",
                "sha256:86545e351e879d0b72b620db6a3b96346921fa87b3d366d6c074e5a9a0b8dadb",
                "sha256:891dc8f522d7059ff0024cd3ae79fd224752676447f9c678f2a5c14b84d9a939",
                "sha256:8a31f24e2a0b6317f33aafbb2f0895c0bce772980ae60c2c640d82caac49628a",
                "sha256:8b99ec73073b37f9ebe8caf399001848fced9c08064effdbfc4da2b5a8d07b93",
                "sha256:986b7a96228c9b4942ec420eff37556c5777bfba6758edcb95421e4a614b57f9",
                "sha256:a1547ff4b8a833511eeaceacbcd17b043214fcdb385148f9c1bc5556ca9623e2",
                "sha256:a2bfc7e2a0601b475477c954bf167dee6d0f55cb167e3f3e7cefad906e7759f6",
                "sha256:a3c5f1a719aa11866ffc530d54ad965063a8cbbecae6515acbd5f0fae8f48eaa",
                "sha256:a9f1c3489736ff8e1c7652e9dc39f80cff820f23624f23d9eab6e122ac99b150",
                "sha256:aa0cf4922da7a3c905d000b35065df6184c0dc1d866dd3b86fd961905bbad2ea",
                "sha256:ad4332a532e2d5acb231a2e5d33f943750091ee435daffca3fec0a53224e7e33",
                "sha256:b2582b238e1658c4061ebe1b4df53c435190d22457642377fd0cb30685cdfb76",
                "sha256:b6fc2e2fb6f532cf48b5fed57567ef286addcef38c28874458a41b7837a57807",
                "sha256:b92d40121dcbd74831b690a75533da703750f7041b4bf951befc657c37e5695a",
                "sha256:bbab6faf6568484707acc052f4dfc3802bdb0cafe079383fbaa23f1cdae9ecd4",
                "sha256:c0b88ed1ae66777a798dc54f627e32d3b81c8009967c63993c450ee4cbcbec15",
                "sha256:ce13d6291a5f47c1c8dbd375baa78551053bc6b5e5c0e9bb8e39c0a8359fd52f",
                "sha256:db3535733f59e5605a88a706824dfcb9bd06725e709ecb017e165fc1d6e7d429",
                "sha256:dd10383f1d6b7edf247d0960a3db274c07e96cf3a3fc7c41c8448f93eac3fb1c",
                "sha256:e01f9531ba5420838c801c21c1b0f45dbc9607cb22ea2cf132844453bec863a5",
                "sha256:e11527dc23d5ef44d76fef11213215c34f36af1608074561fcc561d983aeb870",
                "sha256:e1ab2fac607842ac36864e358c42feb0960ae62c34aa4caaf12ada0a1fb5d99b",
                "sha256:e1fd7d2fe11f1cb63d3336d147c852f6d07de0d0020d704c6031b46a30b02ca8",
                "sha256:e9f84ed9f4d50b74fbc77298ee5c870f67cb7e91dcdc1a6915cb1ff6a317476c",
                "sha256:ec4b4e75fc68da9dc0ed73dcdb431c25c57775383fec325d23a770a64e7ebc87",
                "sha256:f10ce66fcdeb3543df51d423ede7e238be98412232fca5daec3e54bcd16b8da0",
                "sha256:f63f62fc60e6228a4ca9abae28228f35e1bd3ce675013d1dfb828688d50c6e23",
                "sha256:fa56bb08b3dd8eac3a8c5b7d075c94e74f755fd9d8a04543ae8d37b1612dd170",
                "sha256:fa9b7c450be85bfc6cd39f6df8c5b8cbd76b5d6fc1f69efec80203f9894b885f"
            ],
            "markers": "python_version >= '2.7' and python_version not in '3.0, 3.1, 3.2, 3.3, 3.4'",
            "version": "==4.8.0"
        },
        "pillow": {
            "hashes": [
                "sha256:011233e0c42a4a7836498e98c1acf5e744c96a67dd5032a6f666cc1fb97eab97",
                "sha256:0f29d831e2151e0b7b39981756d201f7108d3d215896212ffe2e992d06bfe049",
                "sha256:12875d118f21cf35604176872447cdb57b07126750a33748bac15e77f90f1f9c",
                "sha256:14d4b1341ac07ae07eb2cc682f459bec932a380c3b122f5540432d8977e64eae",
                "sha256:1c3c33ac69cf059bbb9d1a71eeaba76781b450bc307e2291f8a4764d779a6b28",
                "sha256:1d19397351f73a88904ad1aee421e800fe4bbcd1aeee6435fb62d0a05ccd1030",
                "sha256:253e8a302a96df6927310a9d44e6103055e8fb96a6822f8b7f514bb7ef77de56",
                "sha256:2632d0f846b7c7600edf53c48f8f9f1e13e62f66a6dbc15191029d950bfed976",
                "sha256:335ace1a22325395c4ea88e00ba3dc89ca029bd66bd5a3c382d53e44f0ccd77e",
                "sha256:413ce0bbf9fc6278b2d63309dfeefe452835e1c78398efb431bab0672fe9274e",
                "sha256:5100b45a4638e3c00e4d2320d3193bdabb2d75e79793af7c3eb139e4f569f16f",
                "sha256:514ceac913076feefbeaf89771fd6febde78b0c4c1b23aaeab082c41c694e81b",
                "sha256:528a2a692c65dd5cafc130de286030af251d2ee0483a5bf50c9348aefe834e8a",
                "sha256:6295f6763749b89c994fcb6d8a7f7ce03c3992e695f89f00b741b4580b199b7e",
                "sha256:6c8bc8238a7dfdaf7a75f5ec5a663f4173f8c367e5a39f87e720495e1eed75fa",
                "sha256:718856856ba31f14f13ba885ff13874be7fefc53984d2832458f12c38205f7f7",
                "sha256:7f7609a718b177bf171ac93cea9fd2ddc0e03e84d8fa4e887bdfc39671d46b00",
                "sha256:80ca33961ced9c63358056bd08403ff866512038883e74f3a4bf88ad3eb66838",
                "sha256:80fe64a6deb6fcfdf7b8386f2cf216d329be6f2781f7d90304351811fb591360",
                "sha256:81c4b81611e3a3cb30e59b0cf05b888c675f97e3adb2c8672c3154047980726b",
                "sha256:855c583f268edde09474b081e3ddcd5cf3b20c12f26e0d434e1386cc5d318e7a",
                "sha256:9bfdb82cdfeccec50aad441afc332faf8606dfa5e8efd18a6692b5d6e79f00fd",
                "sha256:a5d24e1d674dd9d72c66ad3ea9131322819ff86250b30dc5821cbafcfa0b96b4",
                "sha256:a9f44cd7e162ac6191491d7249cceb02b8116b0f7e847ee33f739d7cb1ea1f70",
                "sha256:b5b3f092fe345c03bca1e0b687dfbb39364b21ebb8ba90e3fa707374b7915204",
                "sha256:b9618823bd237c0d2575283f2939655f54d51b4527ec3972907a927acbcc5bfc",
                "sha256:cef9c85ccbe9bee00909758936ea841ef12035296c748aaceee535969e27d31b",
                "sha256:d21237d0cd37acded35154e29aec853e945950321dd2ffd1a7d86fe686814669",
                "sha256:d3c5c79ab7dfce6d88f1ba639b77e77a17ea33a01b07b99840d6ed08031cb2a7",
                "sha256:d9d7942b624b04b895cb95af03a23407f17646815495ce4547f0e60e0b06f58e",
                "sha256:db6d9fac65bd08cea7f3540b899977c6dee9edad959fa4eaf305940d9cbd861c",
                "sha256:ede5af4a2702444a832a800b8eb7f0a7a1c0eed55b644642e049c98d589e5092",
                "sha256:effb7749713d5317478bb3acb3f81d9d7c7f86726d41c1facca068a04cf5bb4c",
                "sha256:f154d173286a5d1863637a7dcd8c3437bb557520b01bddb0be0258dcb72696b5",
                "sha256:f25ed6e28ddf50de7e7ea99d7a976d6a9c415f03adcaac9c41ff6ff41b6d86ac"
            ],
            "markers": "python_version >= '3.7'",
            "version": "==9.0.1"
        },
        "reportlab": {
            "hashes": [
                "sha256:00e9ffb955972a8f6a3a0d61a12231fcaf5e23ee238c98421d65fecc29bd88a1",
                "sha256:115177b3fc51209b5f50371735311c9a6cd9d260ffedbdce5fbc965645b7567c",
                "sha256:17130f034dae50aaf22fce2292e0077a0c2093ba4363211bcafb54418fb8dc09",
                "sha256:200bdfc327d5b06cb400ae86c972b579efe03a1fd8a2e8cb7a5d9aaa744e5adb",
                "sha256:496b28ef414d9a7734e07221c4386bb00f416a3aa276b9f349ed9a328c73ec23",
                "sha256:4bc378039f70141176f3d511d84bc1a172820d4d2edee4f9fcff52cde753dc08",
                "sha256:4f357b4c39b0fa0071de47e8be7af44e07f375d2e59e395daccb7fd13b275668",
                "sha256:57b39303e6dbe3de91e60a14269543ac058ac98a0ea6cf900f5403d9c226022f",
                "sha256:6472478e597ef4a8f5c621d811d08b7ef09fc5af5bc85c2cf4a4505a7164f8b8",
                "sha256:68f9324000cfc5570b5a59a92306691b5d655078a399f20bc72c2581fe903261",
                "sha256:69870e2bbf39b60ebe9a31b31324e249bf314bdc2798e46efc58c67db74b56cb",
                "sha256:6adb17ba89829d5e77fd81baac396f1af99241d7dfc121a065217334131662e7",
                "sha256:7c360aee2bdaa05c24cadddc2f10924961dc7cad125d8876b4d307c879b3b4e8",
                "sha256:7c4c8e87ef29714ccc7fa9764efe30d849cd38f8a9a1742ab7aedf8b5e23494d",
                "sha256:8a07672e86bf288ea3e55959d2e06d6c01320318662241f9b7a71c583e15e5b5",
                "sha256:9f583295f7dd523bf6e5619720677279dc7b9db22671573888f0591fc46b90b2",
                "sha256:b668433f32ac955a94633e58ed7800c06c00f9c46d3b99e2189b3d88dc3184c8",
                "sha256:b7a92564198c5a5ff4efdb83ace215c73343afb80d9379183bc736fea76edd6d",
                "sha256:bd52e1715c70a96a116a61c8477e586b3a46047c85581195bc74162b19b46286",
                "sha256:c7ddc9a6234267bbb52059b017ca22f59ffd7d41d545524cb85f68086a2cbb43",
                "sha256:c8586d72932b8e3bd50a5230d6f1cfbb85c2605bad34253c6d6fe757211b2bf7",
                "sha256:ce3d8e782e3776f19d3accc706aab85ff06caedb70a52016532bebacf5537567",
                "sha256:f3fd26f63c4a9033115707a8718154538a1cebfd6ec992f214e6423524450e3e"
            ],
            "index": "pypi",
            "version": "==3.6.1"
        },
        "svglib": {
            "hashes": [
                "sha256:c77a0702fafd367c0fdca08ca1b7e1ee10058bde3bae252f49a3836e51e54519"
            ],
            "index": "pypi",
            "version": "==1.2.1"
        },
        "svgwrite": {
            "hashes": [
                "sha256:4b21652a1d9c543a6bf4f9f2a54146b214519b7540ca60cb99968ad09ef631d0",
                "sha256:e220a4bf189e7e214a55e8a11421d152b5b6fb1dd660c86a8b6b61fe8cc2ac48"
            ],
            "index": "pypi",
            "version": "==1.4.1"
        },
        "tinycss2": {
            "hashes": [
                "sha256:b2e44dd8883c360c35dd0d1b5aad0b610e5156c2cb3b33434634e539ead9d8bf",
                "sha256:fe794ceaadfe3cf3e686b22155d0da5780dd0e273471a51846d0a02bc204fec8"
            ],
            "markers": "python_version >= '3.6'",
            "version": "==1.1.1"
        },
        "webencodings": {
            "hashes": [
                "sha256:a0af1213f3c2226497a97e2b3aa01a7e4bee4f403f95be16fc9acd2947514a78",
                "sha256:b36a1c245f2d304965eb4e0a82848379241dc04b865afcc4aab16748587e1923"
            ],
            "version": "==0.5.1"
        }
    },
    "develop": {}
}
